
Microsoft Visual Studio Solution File, Format Version 12.00
# Visual Studio Version 17
VisualStudioVersion = 17.1.32421.90
MinimumVisualStudioVersion = 10.0.40219.1
Project("{FAE04EC0-301F-11D3-BF4B-00C04F79EFBC}") = "WeeklyPhysics-UCH-HRH-CCMC-LPMC", "WeeklyPhysics-UCH-HRH-CCMC-LPMC.csproj", "{70714A7B-A09F-4B8B-8ABE-70DA78A54460}"
EndProject
Global
	GlobalSection(SolutionConfigurationPlatforms) = preSolution
		Debug|Any CPU = Debug|Any CPU
		Debug|x64 = Debug|x64
		Release|Any CPU = Release|Any CPU
		Release|x64 = Release|x64
	EndGlobalSection
	GlobalSection(ProjectConfigurationPlatforms) = postSolution
		{70714A7B-A09F-4B8B-8ABE-70DA78A54460}.Debug|Any CPU.ActiveCfg = Debug|x64
		{70714A7B-A09F-4B8B-8ABE-70DA78A54460}.Debug|x64.ActiveCfg = Debug|x64
		{70714A7B-A09F-4B8B-8ABE-70DA78A54460}.Debug|x64.Build.0 = Debug|x64
		{70714A7B-A09F-4B8B-8ABE-70DA78A54460}.Release|Any CPU.ActiveCfg = Release|x64
		{70714A7B-A09F-4B8B-8ABE-70DA78A54460}.Release|x64.ActiveCfg = Release|x64
		{70714A7B-A09F-4B8B-8ABE-70DA78A54460}.Release|x64.Build.0 = Release|x64
	EndGlobalSection
	GlobalSection(SolutionProperties) = preSolution
		HideSolutionNode = FALSE
	EndGlobalSection
	GlobalSection(ExtensibilityGlobals) = postSolution
		SolutionGuid = {46E441C6-3ABF-4E1F-9E98-B89F3A68D3CB}
	EndGlobalSection
EndGlobal
